github fengb analysis-buddy master src/main.zig 63910a703c51383f31804f76292fde119d312d2e
github fengb zCord master src/main.zig a2ccd808ec27ab7f72b3cae7772147268df96d10
pkg default truemedian hzzp 0.1.5
pkg default truemedian wz 0.0.3
github alexnask iguanaTLS master src/main.zig 0d39a361639ad5469f8e4dcdaea35446bbe54b48
