github alexnask analysis-buddy master src/main.zig 36b886f3863486268f93fd003eab2ba4d6487938
github fengb zCord master src/main.zig a52fd5396fede8f0ef340bec2c10ad41d8f93eca
pkg default truemedian hzzp 0.0.2
github truemedian wz master src/main.zig 3a867771aaec734f59a425ce982a3b74011c098a
github fengb iguanaTLS fix-base64 src/main.zig 00ae14521c3847642415fede17e9d71ee6d22b1c
